
Microsoft Visual Studio Solution File, Format Version 12.00
# Visual Studio Version 16
VisualStudioVersion = 16.0.29306.81
MinimumVisualStudioVersion = 10.0.40219.1
Project("{FAE04EC0-301F-11D3-BF4B-00C04F79EFBC}") = "Tab", "Tab\Tab.csproj", "{3D42AE70-EABE-4C74-A21E-A830E12F1C5F}"
EndProject
Project("{FAE04EC0-301F-11D3-BF4B-00C04F79EFBC}") = "Work", "TheWork\Work.csproj", "{48334462-D434-4C5F-83CB-FFDA43B2BF9E}"
EndProject
Project("{FAE04EC0-301F-11D3-BF4B-00C04F79EFBC}") = "Cities", "Cities\Cities.csproj", "{4ACE3B6C-CEB1-4561-83FF-2EB7F17183CD}"
EndProject
Global
	GlobalSection(SolutionConfigurationPlatforms) = preSolution
		Debug|Any CPU = Debug|Any CPU
		Release|Any CPU = Release|Any CPU
	EndGlobalSection
	GlobalSection(ProjectConfigurationPlatforms) = postSolution
		{3D42AE70-EABE-4C74-A21E-A830E12F1C5F}.Debug|Any CPU.ActiveCfg = Debug|Any CPU
		{3D42AE70-EABE-4C74-A21E-A830E12F1C5F}.Debug|Any CPU.Build.0 = Debug|Any CPU
		{3D42AE70-EABE-4C74-A21E-A830E12F1C5F}.Release|Any CPU.ActiveCfg = Release|Any CPU
		{3D42AE70-EABE-4C74-A21E-A830E12F1C5F}.Release|Any CPU.Build.0 = Release|Any CPU
		{48334462-D434-4C5F-83CB-FFDA43B2BF9E}.Debug|Any CPU.ActiveCfg = Debug|Any CPU
		{48334462-D434-4C5F-83CB-FFDA43B2BF9E}.Debug|Any CPU.Build.0 = Debug|Any CPU
		{48334462-D434-4C5F-83CB-FFDA43B2BF9E}.Release|Any CPU.ActiveCfg = Release|Any CPU
		{48334462-D434-4C5F-83CB-FFDA43B2BF9E}.Release|Any CPU.Build.0 = Release|Any CPU
		{4ACE3B6C-CEB1-4561-83FF-2EB7F17183CD}.Debug|Any CPU.ActiveCfg = Debug|Any CPU
		{4ACE3B6C-CEB1-4561-83FF-2EB7F17183CD}.Debug|Any CPU.Build.0 = Debug|Any CPU
		{4ACE3B6C-CEB1-4561-83FF-2EB7F17183CD}.Release|Any CPU.ActiveCfg = Release|Any CPU
		{4ACE3B6C-CEB1-4561-83FF-2EB7F17183CD}.Release|Any CPU.Build.0 = Release|Any CPU
	EndGlobalSection
	GlobalSection(SolutionProperties) = preSolution
		HideSolutionNode = FALSE
	EndGlobalSection
	GlobalSection(ExtensibilityGlobals) = postSolution
		SolutionGuid = {F3067321-3F74-4366-A317-C439ADDEB21B}
	EndGlobalSection
EndGlobal
